{
  "name": "vblob",
  "version": "1.0.0",
  "lockfileVersion": 1,
  "requires": true,
  "dependencies": {
    "@types/node": {
      "version": "9.4.0",
      "resolved": "https://registry.npmjs.org/@types/node/-/node-9.4.0.tgz",
      "integrity": "sha512-zkYho6/4wZyX6o9UQ8rd0ReEaiEYNNCqYFIAACe2Tf9DrYlgzWW27OigYHnnztnnZQwVRpwWmZKegFmDpinIsA=="
    },
    "@types/tmp": {
      "version": "0.0.33",
      "resolved": "https://registry.npmjs.org/@types/tmp/-/tmp-0.0.33.tgz",
      "integrity": "sha1-EHPEvIJHVK49EM+riKsCN7qWTk0="
    },
    "eventtarget": {
      "version": "0.1.0",
      "resolved": "https://registry.npmjs.org/eventtarget/-/eventtarget-0.1.0.tgz",
      "integrity": "sha1-Hr3XKj3PuwIY4W1RRQlAzf/qTiY="
    },
    "os-tmpdir": {
      "version": "1.0.2",
      "resolved": "https://registry.npmjs.org/os-tmpdir/-/os-tmpdir-1.0.2.tgz",
      "integrity": "sha1-u+Z0BseaqFxc/sdm/lc0VV36EnQ="
    },
    "tmp": {
      "version": "0.0.33",
      "resolved": "https://registry.npmjs.org/tmp/-/tmp-0.0.33.tgz",
      "integrity": "sha512-jRCJlojKnZ3addtTOjdIqoRuPEKBvNXcGYqzO6zWZX8KfKEpnGY5jfggJQ3EjKuu8D4bJRr0y+cYJFmYbImXGw==",
      "requires": {
        "os-tmpdir": "1.0.2"
      }
    }
  }
}
